// !$*UTF8*$!
{
	archiveVersion = 1;
	classes = {
	};
	objectVersion = 56;
	objects = {

/* Begin PBXBuildFile section */
		FB1B25352A26827A005A21E9 /* AppDelegate.swift in Sources */ = {isa = PBXBuildFile; fileRef = FB1B25342A26827A005A21E9 /* AppDelegate.swift */; };
		FB1B253E2A268284005A21E9 /* Assets.xcassets in Resources */ = {isa = PBXBuildFile; fileRef = FB1B253D2A268284005A21E9 /* Assets.xcassets */; };
		FB1B25412A268284005A21E9 /* LaunchScreen.storyboard in Resources */ = {isa = PBXBuildFile; fileRef = FB1B253F2A268284005A21E9 /* LaunchScreen.storyboard */; };
		FB1E15872A2BA98E00177BB5 /* Poppins-Bold.ttf in Resources */ = {isa = PBXBuildFile; fileRef = FB1E15832A2BA98E00177BB5 /* Poppins-Bold.ttf */; };
		FB1E15882A2BA98E00177BB5 /* Poppins-SemiBold.ttf in Resources */ = {isa = PBXBuildFile; fileRef = FB1E15842A2BA98E00177BB5 /* Poppins-SemiBold.ttf */; };
		FB1E15892A2BA98E00177BB5 /* Poppins-Regular.ttf in Resources */ = {isa = PBXBuildFile; fileRef = FB1E15852A2BA98E00177BB5 /* Poppins-Regular.ttf */; };
		FB1E158A2A2BA98E00177BB5 /* Poppins-Light.ttf in Resources */ = {isa = PBXBuildFile; fileRef = FB1E15862A2BA98E00177BB5 /* Poppins-Light.ttf */; };
		FB1E158C2A2BAB7200177BB5 /* Roboto-Medium.ttf in Resources */ = {isa = PBXBuildFile; fileRef = FB1E158B2A2BAB7200177BB5 /* Roboto-Medium.ttf */; };
		FB1E158F2A2BCBBD00177BB5 /* Protocol.swift in Sources */ = {isa = PBXBuildFile; fileRef = FB1E158E2A2BCBBD00177BB5 /* Protocol.swift */; };
		FB1E15B42A2C23D200177BB5 /* WeatherHomeCollectionCell.swift in Sources */ = {isa = PBXBuildFile; fileRef = FB1E15AC2A2C23D100177BB5 /* WeatherHomeCollectionCell.swift */; };
		FB1E15B52A2C23D200177BB5 /* WeatherHomeUpcomingTableCell.swift in Sources */ = {isa = PBXBuildFile; fileRef = FB1E15AD2A2C23D100177BB5 /* WeatherHomeUpcomingTableCell.swift */; };
		FB1E15B62A2C23D200177BB5 /* WeatherHomeInteractor.swift in Sources */ = {isa = PBXBuildFile; fileRef = FB1E15AE2A2C23D200177BB5 /* WeatherHomeInteractor.swift */; };
		FB1E15B72A2C23D200177BB5 /* WeatherHomePresenter.swift in Sources */ = {isa = PBXBuildFile; fileRef = FB1E15AF2A2C23D200177BB5 /* WeatherHomePresenter.swift */; };
		FB1E15B82A2C23D200177BB5 /* WeatherHomeViewController.swift in Sources */ = {isa = PBXBuildFile; fileRef = FB1E15B02A2C23D200177BB5 /* WeatherHomeViewController.swift */; };
		FB1E15B92A2C23D200177BB5 /* WeatherHomeProtocol.swift in Sources */ = {isa = PBXBuildFile; fileRef = FB1E15B12A2C23D200177BB5 /* WeatherHomeProtocol.swift */; };
		FB1E15BA2A2C23D200177BB5 /* WeatherHomeRouter.swift in Sources */ = {isa = PBXBuildFile; fileRef = FB1E15B22A2C23D200177BB5 /* WeatherHomeRouter.swift */; };
		FB1E15BB2A2C23D200177BB5 /* WeatherHomeEntity.swift in Sources */ = {isa = PBXBuildFile; fileRef = FB1E15B32A2C23D200177BB5 /* WeatherHomeEntity.swift */; };
		FB86970F2A279EF000CFBCD0 /* WeatherView.swift in Sources */ = {isa = PBXBuildFile; fileRef = FB86970E2A279EF000CFBCD0 /* WeatherView.swift */; };
		FB8697112A279F2900CFBCD0 /* WeatherInteractor.swift in Sources */ = {isa = PBXBuildFile; fileRef = FB8697102A279F2900CFBCD0 /* WeatherInteractor.swift */; };
		FB8697132A279F3600CFBCD0 /* WeatherPresenter.swift in Sources */ = {isa = PBXBuildFile; fileRef = FB8697122A279F3600CFBCD0 /* WeatherPresenter.swift */; };
		FB8697152A279F4100CFBCD0 /* WeatherEntity.swift in Sources */ = {isa = PBXBuildFile; fileRef = FB8697142A279F4100CFBCD0 /* WeatherEntity.swift */; };
		FB8697172A279F8700CFBCD0 /* WeatherRouter.swift in Sources */ = {isa = PBXBuildFile; fileRef = FB8697162A279F8700CFBCD0 /* WeatherRouter.swift */; };
		FB9624422A2B34F7007AF75E /* SettingCollectionCell.swift in Sources */ = {isa = PBXBuildFile; fileRef = FB9624412A2B34F7007AF75E /* SettingCollectionCell.swift */; };
		FB9B4B262A2A4A86008C57F2 /* UIColor.swift in Sources */ = {isa = PBXBuildFile; fileRef = FB9B4B252A2A4A86008C57F2 /* UIColor.swift */; };
		FB9B4B292A2A57A6008C57F2 /* Utils.swift in Sources */ = {isa = PBXBuildFile; fileRef = FB9B4B282A2A57A6008C57F2 /* Utils.swift */; };
		FB9B4B2B2A2A5AD8008C57F2 /* UIFont.swift in Sources */ = {isa = PBXBuildFile; fileRef = FB9B4B2A2A2A5AD8008C57F2 /* UIFont.swift */; };
		FB9B4B2F2A2A7AE2008C57F2 /* UserDefaults.swift in Sources */ = {isa = PBXBuildFile; fileRef = FB9B4B2E2A2A7AE2008C57F2 /* UserDefaults.swift */; };
		FB9B4B312A2A7B2D008C57F2 /* LocationManager.swift in Sources */ = {isa = PBXBuildFile; fileRef = FB9B4B302A2A7B2D008C57F2 /* LocationManager.swift */; };
		FB9B4B342A2A8FC6008C57F2 /* SettingsVC.swift in Sources */ = {isa = PBXBuildFile; fileRef = FB9B4B332A2A8FC6008C57F2 /* SettingsVC.swift */; };
		FB9B4B362A2A8FE6008C57F2 /* SettingProtocol.swift in Sources */ = {isa = PBXBuildFile; fileRef = FB9B4B352A2A8FE6008C57F2 /* SettingProtocol.swift */; };
		FB9B4B382A2A8FF0008C57F2 /* SettingPresenter.swift in Sources */ = {isa = PBXBuildFile; fileRef = FB9B4B372A2A8FF0008C57F2 /* SettingPresenter.swift */; };
		FB9B4B3A2A2A9008008C57F2 /* SettingInteractor.swift in Sources */ = {isa = PBXBuildFile; fileRef = FB9B4B392A2A9008008C57F2 /* SettingInteractor.swift */; };
		FB9B4B3C2A2A9012008C57F2 /* SettingRouter.swift in Sources */ = {isa = PBXBuildFile; fileRef = FB9B4B3B2A2A9012008C57F2 /* SettingRouter.swift */; };
		FB9B4B3E2A2A9020008C57F2 /* SettingEntity.swift in Sources */ = {isa = PBXBuildFile; fileRef = FB9B4B3D2A2A901F008C57F2 /* SettingEntity.swift */; };
		FB9B4B412A2A9815008C57F2 /* AddLocationViewController.swift in Sources */ = {isa = PBXBuildFile; fileRef = FB9B4B402A2A9815008C57F2 /* AddLocationViewController.swift */; };
		FB9B4B432A2A9A07008C57F2 /* LocationCollectionCell.swift in Sources */ = {isa = PBXBuildFile; fileRef = FB9B4B422A2A9A07008C57F2 /* LocationCollectionCell.swift */; };
		FB9B4B452A2AE75D008C57F2 /* Constant.swift in Sources */ = {isa = PBXBuildFile; fileRef = FB9B4B442A2AE75D008C57F2 /* Constant.swift */; };
		FB9B4B482A2AECFB008C57F2 /* NetworkService.swift in Sources */ = {isa = PBXBuildFile; fileRef = FB9B4B472A2AECFB008C57F2 /* NetworkService.swift */; };
		FB9B4B4A2A2AEE4D008C57F2 /* Reachability.swift in Sources */ = {isa = PBXBuildFile; fileRef = FB9B4B492A2AEE4D008C57F2 /* Reachability.swift */; };
		FB9B4B6B2A2B121C008C57F2 /* LoadingView.swift in Sources */ = {isa = PBXBuildFile; fileRef = FB9B4B6A2A2B121C008C57F2 /* LoadingView.swift */; };
/* End PBXBuildFile section */

/* Begin PBXFileReference section */
		FB1B25312A26827A005A21E9 /* WeatherForecast.app */ = {isa = PBXFileReference; explicitFileType = wrapper.application; includeInIndex = 0; path = WeatherForecast.app; sourceTree = BUILT_PRODUCTS_DIR; };
		FB1B25342A26827A005A21E9 /* AppDelegate.swift */ = {isa = PBXFileReference; lastKnownFileType = sourcecode.swift; path = AppDelegate.swift; sourceTree = "<group>"; };
		FB1B253D2A268284005A21E9 /* Assets.xcassets */ = {isa = PBXFileReference; lastKnownFileType = folder.assetcatalog; path = Assets.xcassets; sourceTree = "<group>"; };
		FB1B25402A268284005A21E9 /* Base */ = {isa = PBXFileReference; lastKnownFileType = file.storyboard; name = Base; path = Base.lproj/LaunchScreen.storyboard; sourceTree = "<group>"; };
		FB1B25422A268284005A21E9 /* Info.plist */ = {isa = PBXFileReference; lastKnownFileType = text.plist.xml; path = Info.plist; sourceTree = "<group>"; };
		FB1E15832A2BA98E00177BB5 /* Poppins-Bold.ttf */ = {isa = PBXFileReference; lastKnownFileType = file; path = "Poppins-Bold.ttf"; sourceTree = "<group>"; };
		FB1E15842A2BA98E00177BB5 /* Poppins-SemiBold.ttf */ = {isa = PBXFileReference; lastKnownFileType = file; path = "Poppins-SemiBold.ttf"; sourceTree = "<group>"; };
		FB1E15852A2BA98E00177BB5 /* Poppins-Regular.ttf */ = {isa = PBXFileReference; lastKnownFileType = file; path = "Poppins-Regular.ttf"; sourceTree = "<group>"; };
		FB1E15862A2BA98E00177BB5 /* Poppins-Light.ttf */ = {isa = PBXFileReference; lastKnownFileType = file; path = "Poppins-Light.ttf"; sourceTree = "<group>"; };
		FB1E158B2A2BAB7200177BB5 /* Roboto-Medium.ttf */ = {isa = PBXFileReference; lastKnownFileType = file; path = "Roboto-Medium.ttf"; sourceTree = "<group>"; };
		FB1E158E2A2BCBBD00177BB5 /* Protocol.swift */ = {isa = PBXFileReference; lastKnownFileType = sourcecode.swift; path = Protocol.swift; sourceTree = "<group>"; };
		FB1E15AC2A2C23D100177BB5 /* WeatherHomeCollectionCell.swift */ = {isa = PBXFileReference; fileEncoding = 4; lastKnownFileType = sourcecode.swift; path = WeatherHomeCollectionCell.swift; sourceTree = "<group>"; };
		FB1E15AD2A2C23D100177BB5 /* WeatherHomeUpcomingTableCell.swift */ = {isa = PBXFileReference; fileEncoding = 4; lastKnownFileType = sourcecode.swift; path = WeatherHomeUpcomingTableCell.swift; sourceTree = "<group>"; };
		FB1E15AE2A2C23D200177BB5 /* WeatherHomeInteractor.swift */ = {isa = PBXFileReference; fileEncoding = 4; lastKnownFileType = sourcecode.swift; path = WeatherHomeInteractor.swift; sourceTree = "<group>"; };
		FB1E15AF2A2C23D200177BB5 /* WeatherHomePresenter.swift */ = {isa = PBXFileReference; fileEncoding = 4; lastKnownFileType = sourcecode.swift; path = WeatherHomePresenter.swift; sourceTree = "<group>"; };
		FB1E15B02A2C23D200177BB5 /* WeatherHomeViewController.swift */ = {isa = PBXFileReference; fileEncoding = 4; lastKnownFileType = sourcecode.swift; path = WeatherHomeViewController.swift; sourceTree = "<group>"; };
		FB1E15B12A2C23D200177BB5 /* WeatherHomeProtocol.swift */ = {isa = PBXFileReference; fileEncoding = 4; lastKnownFileType = sourcecode.swift; path = WeatherHomeProtocol.swift; sourceTree = "<group>"; };
		FB1E15B22A2C23D200177BB5 /* WeatherHomeRouter.swift */ = {isa = PBXFileReference; fileEncoding = 4; lastKnownFileType = sourcecode.swift; path = WeatherHomeRouter.swift; sourceTree = "<group>"; };
		FB1E15B32A2C23D200177BB5 /* WeatherHomeEntity.swift */ = {isa = PBXFileReference; fileEncoding = 4; lastKnownFileType = sourcecode.swift; path = WeatherHomeEntity.swift; sourceTree = "<group>"; };
		FB86970E2A279EF000CFBCD0 /* WeatherView.swift */ = {isa = PBXFileReference; lastKnownFileType = sourcecode.swift; path = WeatherView.swift; sourceTree = "<group>"; };
		FB8697102A279F2900CFBCD0 /* WeatherInteractor.swift */ = {isa = PBXFileReference; lastKnownFileType = sourcecode.swift; path = WeatherInteractor.swift; sourceTree = "<group>"; };
		FB8697122A279F3600CFBCD0 /* WeatherPresenter.swift */ = {isa = PBXFileReference; lastKnownFileType = sourcecode.swift; path = WeatherPresenter.swift; sourceTree = "<group>"; };
		FB8697142A279F4100CFBCD0 /* WeatherEntity.swift */ = {isa = PBXFileReference; lastKnownFileType = sourcecode.swift; path = WeatherEntity.swift; sourceTree = "<group>"; };
		FB8697162A279F8700CFBCD0 /* WeatherRouter.swift */ = {isa = PBXFileReference; lastKnownFileType = sourcecode.swift; path = WeatherRouter.swift; sourceTree = "<group>"; };
		FB9624412A2B34F7007AF75E /* SettingCollectionCell.swift */ = {isa = PBXFileReference; lastKnownFileType = sourcecode.swift; path = SettingCollectionCell.swift; sourceTree = "<group>"; };
		FB9B4B252A2A4A86008C57F2 /* UIColor.swift */ = {isa = PBXFileReference; lastKnownFileType = sourcecode.swift; path = UIColor.swift; sourceTree = "<group>"; };
		FB9B4B282A2A57A6008C57F2 /* Utils.swift */ = {isa = PBXFileReference; lastKnownFileType = sourcecode.swift; path = Utils.swift; sourceTree = "<group>"; };
		FB9B4B2A2A2A5AD8008C57F2 /* UIFont.swift */ = {isa = PBXFileReference; lastKnownFileType = sourcecode.swift; path = UIFont.swift; sourceTree = "<group>"; };
		FB9B4B2E2A2A7AE2008C57F2 /* UserDefaults.swift */ = {isa = PBXFileReference; lastKnownFileType = sourcecode.swift; path = UserDefaults.swift; sourceTree = "<group>"; };
		FB9B4B302A2A7B2D008C57F2 /* LocationManager.swift */ = {isa = PBXFileReference; lastKnownFileType = sourcecode.swift; path = LocationManager.swift; sourceTree = "<group>"; };
		FB9B4B332A2A8FC6008C57F2 /* SettingsVC.swift */ = {isa = PBXFileReference; lastKnownFileType = sourcecode.swift; path = SettingsVC.swift; sourceTree = "<group>"; };
		FB9B4B352A2A8FE6008C57F2 /* SettingProtocol.swift */ = {isa = PBXFileReference; lastKnownFileType = sourcecode.swift; path = SettingProtocol.swift; sourceTree = "<group>"; };
		FB9B4B372A2A8FF0008C57F2 /* SettingPresenter.swift */ = {isa = PBXFileReference; lastKnownFileType = sourcecode.swift; path = SettingPresenter.swift; sourceTree = "<group>"; };
		FB9B4B392A2A9008008C57F2 /* SettingInteractor.swift */ = {isa = PBXFileReference; lastKnownFileType = sourcecode.swift; path = SettingInteractor.swift; sourceTree = "<group>"; };
		FB9B4B3B2A2A9012008C57F2 /* SettingRouter.swift */ = {isa = PBXFileReference; lastKnownFileType = sourcecode.swift; path = SettingRouter.swift; sourceTree = "<group>"; };
		FB9B4B3D2A2A901F008C57F2 /* SettingEntity.swift */ = {isa = PBXFileReference; lastKnownFileType = sourcecode.swift; path = SettingEntity.swift; sourceTree = "<group>"; };
		FB9B4B402A2A9815008C57F2 /* AddLocationViewController.swift */ = {isa = PBXFileReference; lastKnownFileType = sourcecode.swift; path = AddLocationViewController.swift; sourceTree = "<group>"; };
		FB9B4B422A2A9A07008C57F2 /* LocationCollectionCell.swift */ = {isa = PBXFileReference; lastKnownFileType = sourcecode.swift; path = LocationCollectionCell.swift; sourceTree = "<group>"; };
		FB9B4B442A2AE75D008C57F2 /* Constant.swift */ = {isa = PBXFileReference; lastKnownFileType = sourcecode.swift; path = Constant.swift; sourceTree = "<group>"; };
		FB9B4B472A2AECFB008C57F2 /* NetworkService.swift */ = {isa = PBXFileReference; lastKnownFileType = sourcecode.swift; path = NetworkService.swift; sourceTree = "<group>"; };
		FB9B4B492A2AEE4D008C57F2 /* Reachability.swift */ = {isa = PBXFileReference; lastKnownFileType = sourcecode.swift; path = Reachability.swift; sourceTree = "<group>"; };
		FB9B4B6A2A2B121C008C57F2 /* LoadingView.swift */ = {isa = PBXFileReference; lastKnownFileType = sourcecode.swift; path = LoadingView.swift; sourceTree = "<group>"; };
/* End PBXFileReference section */

/* Begin PBXFrameworksBuildPhase section */
		FB1B252E2A26827A005A21E9 /* Frameworks */ = {
			isa = PBXFrameworksBuildPhase;
			buildActionMask = 2147483647;
			files = (
			);
			runOnlyForDeploymentPostprocessing = 0;
		};
/* End PBXFrameworksBuildPhase section */

/* Begin PBXGroup section */
		FB1B25282A26827A005A21E9 = {
			isa = PBXGroup;
			children = (
				FB1B25332A26827A005A21E9 /* WeatherForecast */,
				FB1B25322A26827A005A21E9 /* Products */,
			);
			sourceTree = "<group>";
		};
		FB1B25322A26827A005A21E9 /* Products */ = {
			isa = PBXGroup;
			children = (
				FB1B25312A26827A005A21E9 /* WeatherForecast.app */,
			);
			name = Products;
			sourceTree = "<group>";
		};
		FB1B25332A26827A005A21E9 /* WeatherForecast */ = {
			isa = PBXGroup;
			children = (
				FB1B25342A26827A005A21E9 /* AppDelegate.swift */,
				FB1E15AA2A2C23BA00177BB5 /* WeatherHomepage */,
				FB9B4B3F2A2A9804008C57F2 /* AddLocation */,
				FB9B4B462A2AECEB008C57F2 /* Networking */,
				FB9B4B322A2A8FA0008C57F2 /* Settings */,
				FB9B4B272A2A578A008C57F2 /* Utils */,
				FB9B4B232A2A49BE008C57F2 /* Asset */,
				FB9B4B222A2A4995008C57F2 /* Extension */,
				FB8697072A2792D600CFBCD0 /* WeatherVC */,
				FB9B4B242A2A49D5008C57F2 /* LaunchScreen  */,
				FB1B25422A268284005A21E9 /* Info.plist */,
			);
			path = WeatherForecast;
			sourceTree = "<group>";
		};
		FB1E15822A2BA90900177BB5 /* Font */ = {
			isa = PBXGroup;
			children = (
				FB1E158B2A2BAB7200177BB5 /* Roboto-Medium.ttf */,
				FB1E15832A2BA98E00177BB5 /* Poppins-Bold.ttf */,
				FB1E15862A2BA98E00177BB5 /* Poppins-Light.ttf */,
				FB1E15852A2BA98E00177BB5 /* Poppins-Regular.ttf */,
				FB1E15842A2BA98E00177BB5 /* Poppins-SemiBold.ttf */,
			);
			path = Font;
			sourceTree = "<group>";
		};
		FB1E158D2A2BACAD00177BB5 /* View */ = {
			isa = PBXGroup;
			children = (
				FB9624412A2B34F7007AF75E /* SettingCollectionCell.swift */,
			);
			path = View;
			sourceTree = "<group>";
		};
		FB1E15AA2A2C23BA00177BB5 /* WeatherHomepage */ = {
			isa = PBXGroup;
			children = (
				FB1E15AB2A2C23D100177BB5 /* View */,
				FB1E15B32A2C23D200177BB5 /* WeatherHomeEntity.swift */,
				FB1E15AE2A2C23D200177BB5 /* WeatherHomeInteractor.swift */,
				FB1E15AF2A2C23D200177BB5 /* WeatherHomePresenter.swift */,
				FB1E15B12A2C23D200177BB5 /* WeatherHomeProtocol.swift */,
				FB1E15B22A2C23D200177BB5 /* WeatherHomeRouter.swift */,
				FB1E15B02A2C23D200177BB5 /* WeatherHomeViewController.swift */,
			);
			path = WeatherHomepage;
			sourceTree = "<group>";
		};
		FB1E15AB2A2C23D100177BB5 /* View */ = {
			isa = PBXGroup;
			children = (
				FB1E15AC2A2C23D100177BB5 /* WeatherHomeCollectionCell.swift */,
				FB1E15AD2A2C23D100177BB5 /* WeatherHomeUpcomingTableCell.swift */,
			);
			path = View;
			sourceTree = "<group>";
		};
		FB8697072A2792D600CFBCD0 /* WeatherVC */ = {
			isa = PBXGroup;
			children = (
				FB86970E2A279EF000CFBCD0 /* WeatherView.swift */,
				FB8697102A279F2900CFBCD0 /* WeatherInteractor.swift */,
				FB8697122A279F3600CFBCD0 /* WeatherPresenter.swift */,
				FB8697142A279F4100CFBCD0 /* WeatherEntity.swift */,
				FB8697162A279F8700CFBCD0 /* WeatherRouter.swift */,
				FB1E158E2A2BCBBD00177BB5 /* Protocol.swift */,
			);
			path = WeatherVC;
			sourceTree = "<group>";
		};
		FB9B4B222A2A4995008C57F2 /* Extension */ = {
			isa = PBXGroup;
			children = (
				FB9B4B252A2A4A86008C57F2 /* UIColor.swift */,
				FB9B4B2A2A2A5AD8008C57F2 /* UIFont.swift */,
				FB9B4B2E2A2A7AE2008C57F2 /* UserDefaults.swift */,
			);
			path = Extension;
			sourceTree = "<group>";
		};
		FB9B4B232A2A49BE008C57F2 /* Asset */ = {
			isa = PBXGroup;
			children = (
				FB1E15822A2BA90900177BB5 /* Font */,
				FB1B253D2A268284005A21E9 /* Assets.xcassets */,
			);
			path = Asset;
			sourceTree = "<group>";
		};
		FB9B4B242A2A49D5008C57F2 /* LaunchScreen  */ = {
			isa = PBXGroup;
			children = (
				FB1B253F2A268284005A21E9 /* LaunchScreen.storyboard */,
			);
			path = "LaunchScreen ";
			sourceTree = "<group>";
		};
		FB9B4B272A2A578A008C57F2 /* Utils */ = {
			isa = PBXGroup;
			children = (
				FB9B4B442A2AE75D008C57F2 /* Constant.swift */,
				FB9B4B282A2A57A6008C57F2 /* Utils.swift */,
				FB9B4B302A2A7B2D008C57F2 /* LocationManager.swift */,
			);
			path = Utils;
			sourceTree = "<group>";
		};
		FB9B4B322A2A8FA0008C57F2 /* Settings */ = {
			isa = PBXGroup;
			children = (
				FB1E158D2A2BACAD00177BB5 /* View */,
				FB9B4B332A2A8FC6008C57F2 /* SettingsVC.swift */,
				FB9B4B352A2A8FE6008C57F2 /* SettingProtocol.swift */,
				FB9B4B372A2A8FF0008C57F2 /* SettingPresenter.swift */,
				FB9B4B392A2A9008008C57F2 /* SettingInteractor.swift */,
				FB9B4B3B2A2A9012008C57F2 /* SettingRouter.swift */,
				FB9B4B3D2A2A901F008C57F2 /* SettingEntity.swift */,
			);
			path = Settings;
			sourceTree = "<group>";
		};
		FB9B4B3F2A2A9804008C57F2 /* AddLocation */ = {
			isa = PBXGroup;
			children = (
				FB9B4B402A2A9815008C57F2 /* AddLocationViewController.swift */,
				FB9B4B422A2A9A07008C57F2 /* LocationCollectionCell.swift */,
			);
			path = AddLocation;
			sourceTree = "<group>";
		};
		FB9B4B462A2AECEB008C57F2 /* Networking */ = {
			isa = PBXGroup;
			children = (
				FB9B4B472A2AECFB008C57F2 /* NetworkService.swift */,
				FB9B4B492A2AEE4D008C57F2 /* Reachability.swift */,
				FB9B4B6A2A2B121C008C57F2 /* LoadingView.swift */,
			);
			path = Networking;
			sourceTree = "<group>";
		};
/* End PBXGroup section */

/* Begin PBXNativeTarget section */
		FB1B25302A26827A005A21E9 /* WeatherForecast */ = {
			isa = PBXNativeTarget;
			buildConfigurationList = FB1B25452A268284005A21E9 /* Build configuration list for PBXNativeTarget "WeatherForecast" */;
			buildPhases = (
				FB1B252D2A26827A005A21E9 /* Sources */,
				FB1B252E2A26827A005A21E9 /* Frameworks */,
				FB1B252F2A26827A005A21E9 /* Resources */,
			);
			buildRules = (
			);
			dependencies = (
			);
			name = WeatherForecast;
			productName = WeatherForecast;
			productReference = FB1B25312A26827A005A21E9 /* WeatherForecast.app */;
			productType = "com.apple.product-type.application";
		};
/* End PBXNativeTarget section */

/* Begin PBXProject section */
		FB1B25292A26827A005A21E9 /* Project object */ = {
			isa = PBXProject;
			attributes = {
				BuildIndependentTargetsInParallel = 1;
				LastSwiftUpdateCheck = 1420;
				LastUpgradeCheck = 1420;
				TargetAttributes = {
					FB1B25302A26827A005A21E9 = {
						CreatedOnToolsVersion = 14.2;
					};
				};
			};
			buildConfigurationList = FB1B252C2A26827A005A21E9 /* Build configuration list for PBXProject "WeatherForecast" */;
			compatibilityVersion = "Xcode 14.0";
			developmentRegion = en;
			hasScannedForEncodings = 0;
			knownRegions = (
				en,
				Base,
			);
			mainGroup = FB1B25282A26827A005A21E9;
			productRefGroup = FB1B25322A26827A005A21E9 /* Products */;
			projectDirPath = "";
			projectRoot = "";
			targets = (
				FB1B25302A26827A005A21E9 /* WeatherForecast */,
			);
		};
/* End PBXProject section */

/* Begin PBXResourcesBuildPhase section */
		FB1B252F2A26827A005A21E9 /* Resources */ = {
			isa = PBXResourcesBuildPhase;
			buildActionMask = 2147483647;
			files = (
				FB1B25412A268284005A21E9 /* LaunchScreen.storyboard in Resources */,
				FB1E158A2A2BA98E00177BB5 /* Poppins-Light.ttf in Resources */,
				FB1E15882A2BA98E00177BB5 /* Poppins-SemiBold.ttf in Resources */,
				FB1E158C2A2BAB7200177BB5 /* Roboto-Medium.ttf in Resources */,
				FB1E15872A2BA98E00177BB5 /* Poppins-Bold.ttf in Resources */,
				FB1B253E2A268284005A21E9 /* Assets.xcassets in Resources */,
				FB1E15892A2BA98E00177BB5 /* Poppins-Regular.ttf in Resources */,
			);
			runOnlyForDeploymentPostprocessing = 0;
		};
/* End PBXResourcesBuildPhase section */

/* Begin PBXSourcesBuildPhase section */
		FB1B252D2A26827A005A21E9 /* Sources */ = {
			isa = PBXSourcesBuildPhase;
			buildActionMask = 2147483647;
			files = (
				FB1E15B82A2C23D200177BB5 /* WeatherHomeViewController.swift in Sources */,
				FB9624422A2B34F7007AF75E /* SettingCollectionCell.swift in Sources */,
				FB8697112A279F2900CFBCD0 /* WeatherInteractor.swift in Sources */,
				FB1E15BB2A2C23D200177BB5 /* WeatherHomeEntity.swift in Sources */,
				FB9B4B412A2A9815008C57F2 /* AddLocationViewController.swift in Sources */,
				FB9B4B262A2A4A86008C57F2 /* UIColor.swift in Sources */,
				FB1E15B92A2C23D200177BB5 /* WeatherHomeProtocol.swift in Sources */,
				FB9B4B3E2A2A9020008C57F2 /* SettingEntity.swift in Sources */,
				FB9B4B342A2A8FC6008C57F2 /* SettingsVC.swift in Sources */,
				FB86970F2A279EF000CFBCD0 /* WeatherView.swift in Sources */,
				FB9B4B452A2AE75D008C57F2 /* Constant.swift in Sources */,
				FB1E15BA2A2C23D200177BB5 /* WeatherHomeRouter.swift in Sources */,
				FB9B4B4A2A2AEE4D008C57F2 /* Reachability.swift in Sources */,
				FB1E15B72A2C23D200177BB5 /* WeatherHomePresenter.swift in Sources */,
				FB1E15B52A2C23D200177BB5 /* WeatherHomeUpcomingTableCell.swift in Sources */,
				FB9B4B362A2A8FE6008C57F2 /* SettingProtocol.swift in Sources */,
				FB9B4B292A2A57A6008C57F2 /* Utils.swift in Sources */,
				FB1E15B42A2C23D200177BB5 /* WeatherHomeCollectionCell.swift in Sources */,
				FB1B25352A26827A005A21E9 /* AppDelegate.swift in Sources */,
				FB8697152A279F4100CFBCD0 /* WeatherEntity.swift in Sources */,
				FB1E158F2A2BCBBD00177BB5 /* Protocol.swift in Sources */,
				FB9B4B2B2A2A5AD8008C57F2 /* UIFont.swift in Sources */,
				FB9B4B432A2A9A07008C57F2 /* LocationCollectionCell.swift in Sources */,
				FB8697132A279F3600CFBCD0 /* WeatherPresenter.swift in Sources */,
				FB9B4B2F2A2A7AE2008C57F2 /* UserDefaults.swift in Sources */,
				FB9B4B382A2A8FF0008C57F2 /* SettingPresenter.swift in Sources */,
				FB8697172A279F8700CFBCD0 /* WeatherRouter.swift in Sources */,
				FB9B4B3A2A2A9008008C57F2 /* SettingInteractor.swift in Sources */,
				FB9B4B3C2A2A9012008C57F2 /* SettingRouter.swift in Sources */,
				FB9B4B482A2AECFB008C57F2 /* NetworkService.swift in Sources */,
				FB9B4B312A2A7B2D008C57F2 /* LocationManager.swift in Sources */,
				FB1E15B62A2C23D200177BB5 /* WeatherHomeInteractor.swift in Sources */,
				FB9B4B6B2A2B121C008C57F2 /* LoadingView.swift in Sources */,
			);
			runOnlyForDeploymentPostprocessing = 0;
		};
/* End PBXSourcesBuildPhase section */

/* Begin PBXVariantGroup section */
		FB1B253F2A268284005A21E9 /* LaunchScreen.storyboard */ = {
			isa = PBXVariantGroup;
			children = (
				FB1B25402A268284005A21E9 /* Base */,
			);
			name = LaunchScreen.storyboard;
			sourceTree = "<group>";
		};
/* End PBXVariantGroup section */

/* Begin XCBuildConfiguration section */
		FB1B25432A268284005A21E9 /* Debug */ = {
			isa = XCBuildConfiguration;
			buildSettings = {
				ALWAYS_SEARCH_USER_PATHS = NO;
				CLANG_ANALYZER_NONNULL = YES;
				CLANG_ANALYZER_NUMBER_OBJECT_CONVERSION = YES_AGGRESSIVE;
				CLANG_CXX_LANGUAGE_STANDARD = "gnu++20";
				CLANG_ENABLE_MODULES = YES;
				CLANG_ENABLE_OBJC_ARC = YES;
				CLANG_ENABLE_OBJC_WEAK = YES;
				CLANG_WARN_BLOCK_CAPTURE_AUTORELEASING = YES;
				CLANG_WARN_BOOL_CONVERSION = YES;
				CLANG_WARN_COMMA = YES;
				CLANG_WARN_CONSTANT_CONVERSION = YES;
				CLANG_WARN_DEPRECATED_OBJC_IMPLEMENTATIONS = YES;
				CLANG_WARN_DIRECT_OBJC_ISA_USAGE = YES_ERROR;
				CLANG_WARN_DOCUMENTATION_COMMENTS = YES;
				CLANG_WARN_EMPTY_BODY = YES;
				CLANG_WARN_ENUM_CONVERSION = YES;
				CLANG_WARN_INFINITE_RECURSION = YES;
				CLANG_WARN_INT_CONVERSION = YES;
				CLANG_WARN_NON_LITERAL_NULL_CONVERSION = YES;
				CLANG_WARN_OBJC_IMPLICIT_RETAIN_SELF = YES;
				CLANG_WARN_OBJC_LITERAL_CONVERSION = YES;
				CLANG_WARN_OBJC_ROOT_CLASS = YES_ERROR;
				CLANG_WARN_QUOTED_INCLUDE_IN_FRAMEWORK_HEADER = YES;
				CLANG_WARN_RANGE_LOOP_ANALYSIS = YES;
				CLANG_WARN_STRICT_PROTOTYPES = YES;
				CLANG_WARN_SUSPICIOUS_MOVE = YES;
				CLANG_WARN_UNGUARDED_AVAILABILITY = YES_AGGRESSIVE;
				CLANG_WARN_UNREACHABLE_CODE = YES;
				CLANG_WARN__DUPLICATE_METHOD_MATCH = YES;
				COPY_PHASE_STRIP = NO;
				DEBUG_INFORMATION_FORMAT = dwarf;
				ENABLE_STRICT_OBJC_MSGSEND = YES;
				ENABLE_TESTABILITY = YES;
				GCC_C_LANGUAGE_STANDARD = gnu11;
				GCC_DYNAMIC_NO_PIC = NO;
				GCC_NO_COMMON_BLOCKS = YES;
				GCC_OPTIMIZATION_LEVEL = 0;
				GCC_PREPROCESSOR_DEFINITIONS = (
					"DEBUG=1",
					"$(inherited)",
				);
				GCC_WARN_64_TO_32_BIT_CONVERSION = YES;
				GCC_WARN_ABOUT_RETURN_TYPE = YES_ERROR;
				GCC_WARN_UNDECLARED_SELECTOR = YES;
				GCC_WARN_UNINITIALIZED_AUTOS = YES_AGGRESSIVE;
				GCC_WARN_UNUSED_FUNCTION = YES;
				GCC_WARN_UNUSED_VARIABLE = YES;
				IPHONEOS_DEPLOYMENT_TARGET = 16.2;
				MTL_ENABLE_DEBUG_INFO = INCLUDE_SOURCE;
				MTL_FAST_MATH = YES;
				ONLY_ACTIVE_ARCH = YES;
				SDKROOT = iphoneos;
				SWIFT_ACTIVE_COMPILATION_CONDITIONS = DEBUG;
				SWIFT_OPTIMIZATION_LEVEL = "-Onone";
			};
			name = Debug;
		};
		FB1B25442A268284005A21E9 /* Release */ = {
			isa = XCBuildConfiguration;
			buildSettings = {
				ALWAYS_SEARCH_USER_PATHS = NO;
				CLANG_ANALYZER_NONNULL = YES;
				CLANG_ANALYZER_NUMBER_OBJECT_CONVERSION = YES_AGGRESSIVE;
				CLANG_CXX_LANGUAGE_STANDARD = "gnu++20";
				CLANG_ENABLE_MODULES = YES;
				CLANG_ENABLE_OBJC_ARC = YES;
				CLANG_ENABLE_OBJC_WEAK = YES;
				CLANG_WARN_BLOCK_CAPTURE_AUTORELEASING = YES;
				CLANG_WARN_BOOL_CONVERSION = YES;
				CLANG_WARN_COMMA = YES;
				CLANG_WARN_CONSTANT_CONVERSION = YES;
				CLANG_WARN_DEPRECATED_OBJC_IMPLEMENTATIONS = YES;
				CLANG_WARN_DIRECT_OBJC_ISA_USAGE = YES_ERROR;
				CLANG_WARN_DOCUMENTATION_COMMENTS = YES;
				CLANG_WARN_EMPTY_BODY = YES;
				CLANG_WARN_ENUM_CONVERSION = YES;
				CLANG_WARN_INFINITE_RECURSION = YES;
				CLANG_WARN_INT_CONVERSION = YES;
				CLANG_WARN_NON_LITERAL_NULL_CONVERSION = YES;
				CLANG_WARN_OBJC_IMPLICIT_RETAIN_SELF = YES;
				CLANG_WARN_OBJC_LITERAL_CONVERSION = YES;
				CLANG_WARN_OBJC_ROOT_CLASS = YES_ERROR;
				CLANG_WARN_QUOTED_INCLUDE_IN_FRAMEWORK_HEADER = YES;
				CLANG_WARN_RANGE_LOOP_ANALYSIS = YES;
				CLANG_WARN_STRICT_PROTOTYPES = YES;
				CLANG_WARN_SUSPICIOUS_MOVE = YES;
				CLANG_WARN_UNGUARDED_AVAILABILITY = YES_AGGRESSIVE;
				CLANG_WARN_UNREACHABLE_CODE = YES;
				CLANG_WARN__DUPLICATE_METHOD_MATCH = YES;
				COPY_PHASE_STRIP = NO;
				DEBUG_INFORMATION_FORMAT = "dwarf-with-dsym";
				ENABLE_NS_ASSERTIONS = NO;
				ENABLE_STRICT_OBJC_MSGSEND = YES;
				GCC_C_LANGUAGE_STANDARD = gnu11;
				GCC_NO_COMMON_BLOCKS = YES;
				GCC_WARN_64_TO_32_BIT_CONVERSION = YES;
				GCC_WARN_ABOUT_RETURN_TYPE = YES_ERROR;
				GCC_WARN_UNDECLARED_SELECTOR = YES;
				GCC_WARN_UNINITIALIZED_AUTOS = YES_AGGRESSIVE;
				GCC_WARN_UNUSED_FUNCTION = YES;
				GCC_WARN_UNUSED_VARIABLE = YES;
				IPHONEOS_DEPLOYMENT_TARGET = 16.2;
				MTL_ENABLE_DEBUG_INFO = NO;
				MTL_FAST_MATH = YES;
				SDKROOT = iphoneos;
				SWIFT_COMPILATION_MODE = wholemodule;
				SWIFT_OPTIMIZATION_LEVEL = "-O";
				VALIDATE_PRODUCT = YES;
			};
			name = Release;
		};
		FB1B25462A268284005A21E9 /* Debug */ = {
			isa = XCBuildConfiguration;
			buildSettings = {
				ASSETCATALOG_COMPILER_APPICON_NAME = AppIcon;
				ASSETCATALOG_COMPILER_GLOBAL_ACCENT_COLOR_NAME = AccentColor;
				CODE_SIGN_STYLE = Automatic;
				CURRENT_PROJECT_VERSION = 1;
				GENERATE_INFOPLIST_FILE = YES;
				INFOPLIST_FILE = WeatherForecast/Info.plist;
				INFOPLIST_KEY_CFBundleDisplayName = WeatherForecast;
				INFOPLIST_KEY_UIApplicationSupportsIndirectInputEvents = YES;
				INFOPLIST_KEY_UILaunchStoryboardName = LaunchScreen;
				INFOPLIST_KEY_UISupportedInterfaceOrientations = UIInterfaceOrientationPortrait;
				IPHONEOS_DEPLOYMENT_TARGET = 12.0;
				LD_RUNPATH_SEARCH_PATHS = (
					"$(inherited)",
					"@executable_path/Frameworks",
				);
				MARKETING_VERSION = 1.0;
				PRODUCT_BUNDLE_IDENTIFIER = com.sohanur.WeatherForecast;
				PRODUCT_NAME = "$(TARGET_NAME)";
				SWIFT_EMIT_LOC_STRINGS = YES;
				SWIFT_VERSION = 5.0;
				TARGETED_DEVICE_FAMILY = "1,2";
			};
			name = Debug;
		};
		FB1B25472A268284005A21E9 /* Release */ = {
			isa = XCBuildConfiguration;
			buildSettings = {
				ASSETCATALOG_COMPILER_APPICON_NAME = AppIcon;
				ASSETCATALOG_COMPILER_GLOBAL_ACCENT_COLOR_NAME = AccentColor;
				CODE_SIGN_STYLE = Automatic;
				CURRENT_PROJECT_VERSION = 1;
				GENERATE_INFOPLIST_FILE = YES;
				INFOPLIST_FILE = WeatherForecast/Info.plist;
				INFOPLIST_KEY_CFBundleDisplayName = WeatherForecast;
				INFOPLIST_KEY_UIApplicationSupportsIndirectInputEvents = YES;
				INFOPLIST_KEY_UILaunchStoryboardName = LaunchScreen;
				INFOPLIST_KEY_UISupportedInterfaceOrientations = UIInterfaceOrientationPortrait;
				IPHONEOS_DEPLOYMENT_TARGET = 12.0;
				LD_RUNPATH_SEARCH_PATHS = (
					"$(inherited)",
					"@executable_path/Frameworks",
				);
				MARKETING_VERSION = 1.0;
				PRODUCT_BUNDLE_IDENTIFIER = com.sohanur.WeatherForecast;
				PRODUCT_NAME = "$(TARGET_NAME)";
				SWIFT_EMIT_LOC_STRINGS = YES;
				SWIFT_VERSION = 5.0;
				TARGETED_DEVICE_FAMILY = "1,2";
			};
			name = Release;
		};
/* End XCBuildConfiguration section */

/* Begin XCConfigurationList section */
		FB1B252C2A26827A005A21E9 /* Build configuration list for PBXProject "WeatherForecast" */ = {
			isa = XCConfigurationList;
			buildConfigurations = (
				FB1B25432A268284005A21E9 /* Debug */,
				FB1B25442A268284005A21E9 /* Release */,
			);
			defaultConfigurationIsVisible = 0;
			defaultConfigurationName = Release;
		};
		FB1B25452A268284005A21E9 /* Build configuration list for PBXNativeTarget "WeatherForecast" */ = {
			isa = XCConfigurationList;
			buildConfigurations = (
				FB1B25462A268284005A21E9 /* Debug */,
				FB1B25472A268284005A21E9 /* Release */,
			);
			defaultConfigurationIsVisible = 0;
			defaultConfigurationName = Release;
		};
/* End XCConfigurationList section */
	};
	rootObject = FB1B25292A26827A005A21E9 /* Project object */;
}
